
Microsoft Visual Studio Solution File, Format Version 12.00
# Visual Studio Version 17
VisualStudioVersion = 17.1.32414.318
MinimumVisualStudioVersion = 10.0.40219.1
Project("{FAE04EC0-301F-11D3-BF4B-00C04F79EFBC}") = "Uppgift", "Uppgift\Uppgift.csproj", "{89351955-2AEA-4828-AF38-A67B046C5367}"
EndProject
Global
	GlobalSection(SolutionConfigurationPlatforms) = preSolution
		Debug|Any CPU = Debug|Any CPU
		Release|Any CPU = Release|Any CPU
	EndGlobalSection
	GlobalSection(ProjectConfigurationPlatforms) = postSolution
		{89351955-2AEA-4828-AF38-A67B046C5367}.Debug|Any CPU.ActiveCfg = Debug|Any CPU
		{89351955-2AEA-4828-AF38-A67B046C5367}.Debug|Any CPU.Build.0 = Debug|Any CPU
		{89351955-2AEA-4828-AF38-A67B046C5367}.Release|Any CPU.ActiveCfg = Release|Any CPU
		{89351955-2AEA-4828-AF38-A67B046C5367}.Release|Any CPU.Build.0 = Release|Any CPU
	EndGlobalSection
	GlobalSection(SolutionProperties) = preSolution
		HideSolutionNode = FALSE
	EndGlobalSection
	GlobalSection(ExtensibilityGlobals) = postSolution
		SolutionGuid = {D670EB8D-893B-40DE-9D6D-F09C7392CD07}
	EndGlobalSection
EndGlobal
